
Microsoft Visual Studio Solution File, Format Version 12.00
# Visual Studio Version 16
VisualStudioVersion = 16.0.28803.452
MinimumVisualStudioVersion = 10.0.40219.1
Project("{9A19103F-16F7-4668-BE54-9A1E7A4F7556}") = "Swipable", "SwipableView\Swipable.csproj", "{A504DFBA-41C5-4C4F-B03A-13651E69BD85}"
EndProject
Project("{FAE04EC0-301F-11D3-BF4B-00C04F79EFBC}") = "Swipable.Droid", "SwipableView.Droid\Swipable.Droid.csproj", "{86FA4504-8DA9-42D0-8D9B-94E06F4374B8}"
EndProject
Project("{FAE04EC0-301F-11D3-BF4B-00C04F79EFBC}") = "Swipable.iOS", "SwipableView.iOS\Swipable.iOS.csproj", "{E71F3053-056C-4381-9638-048ED73BDFF6}"
EndProject
Project("{FAE04EC0-301F-11D3-BF4B-00C04F79EFBC}") = "Swipable.UWP", "SwipableView.UWP\Swipable.UWP.csproj", "{12612F53-F772-41A7-89EA-2FB7A201BB86}"
	ProjectSection(ProjectDependencies) = postProject
		{A504DFBA-41C5-4C4F-B03A-13651E69BD85} = {A504DFBA-41C5-4C4F-B03A-13651E69BD85}
	EndProjectSection
EndProject
Project("{2150E333-8FDC-42A3-9474-1A3956D46DE8}") = "Sample", "Sample", "{851B1E8E-188D-4DF7-A064-02C400ADA7C3}"
EndProject
Project("{FAE04EC0-301F-11D3-BF4B-00C04F79EFBC}") = "SwipableSample.Android", "SwipableSample\SwipableSample.Android\SwipableSample.Android.csproj", "{ED632169-CD74-4D49-888A-9D73CC590658}"
EndProject
Project("{FAE04EC0-301F-11D3-BF4B-00C04F79EFBC}") = "SwipableSample.iOS", "SwipableSample\SwipableSample.iOS\SwipableSample.iOS.csproj", "{F3507609-CA9A-4DEE-BF83-1173B6CB5645}"
EndProject
Project("{FAE04EC0-301F-11D3-BF4B-00C04F79EFBC}") = "SwipableSample.UWP", "SwipableSample\SwipableSample.UWP\SwipableSample.UWP.csproj", "{D8F9AC2C-6DBE-4A32-B64C-89E41963CCEB}"
EndProject
Project("{9A19103F-16F7-4668-BE54-9A1E7A4F7556}") = "SwipableSample", "SwipableSample\SwipableSample\SwipableSample.csproj", "{3E798F91-22FA-4F97-A034-8A89F09D84A1}"
EndProject
Project("{2150E333-8FDC-42A3-9474-1A3956D46DE8}") = "SwipableView", "SwipableView", "{00AE7145-3C9F-4865-853B-B88DB37E3E6D}"
EndProject
Global
	GlobalSection(SolutionConfigurationPlatforms) = preSolution
		Ad-Hoc|Any CPU = Ad-Hoc|Any CPU
		Ad-Hoc|ARM = Ad-Hoc|ARM
		Ad-Hoc|ARM64 = Ad-Hoc|ARM64
		Ad-Hoc|iPhone = Ad-Hoc|iPhone
		Ad-Hoc|iPhoneSimulator = Ad-Hoc|iPhoneSimulator
		Ad-Hoc|x64 = Ad-Hoc|x64
		Ad-Hoc|x86 = Ad-Hoc|x86
		AppStore|Any CPU = AppStore|Any CPU
		AppStore|ARM = AppStore|ARM
		AppStore|ARM64 = AppStore|ARM64
		AppStore|iPhone = AppStore|iPhone
		AppStore|iPhoneSimulator = AppStore|iPhoneSimulator
		AppStore|x64 = AppStore|x64
		AppStore|x86 = AppStore|x86
		Debug|Any CPU = Debug|Any CPU
		Debug|ARM = Debug|ARM
		Debug|ARM64 = Debug|ARM64
		Debug|iPhone = Debug|iPhone
		Debug|iPhoneSimulator = Debug|iPhoneSimulator
		Debug|x64 = Debug|x64
		Debug|x86 = Debug|x86
		Release|Any CPU = Release|Any CPU
		Release|ARM = Release|ARM
		Release|ARM64 = Release|ARM64
		Release|iPhone = Release|iPhone
		Release|iPhoneSimulator = Release|iPhoneSimulator
		Release|x64 = Release|x64
		Release|x86 = Release|x86
	EndGlobalSection
	GlobalSection(ProjectConfigurationPlatforms) = postSolution
		{A504DFBA-41C5-4C4F-B03A-13651E69BD85}.Ad-Hoc|Any CPU.ActiveCfg = Release|Any CPU
		{A504DFBA-41C5-4C4F-B03A-13651E69BD85}.Ad-Hoc|Any CPU.Build.0 = Release|Any CPU
		{A504DFBA-41C5-4C4F-B03A-13651E69BD85}.Ad-Hoc|ARM.ActiveCfg = Release|Any CPU
		{A504DFBA-41C5-4C4F-B03A-13651E69BD85}.Ad-Hoc|ARM.Build.0 = Release|Any CPU
		{A504DFBA-41C5-4C4F-B03A-13651E69BD85}.Ad-Hoc|ARM64.ActiveCfg = Release|Any CPU
		{A504DFBA-41C5-4C4F-B03A-13651E69BD85}.Ad-Hoc|ARM64.Build.0 = Release|Any CPU
		{A504DFBA-41C5-4C4F-B03A-13651E69BD85}.Ad-Hoc|iPhone.ActiveCfg = Release|Any CPU
		{A504DFBA-41C5-4C4F-B03A-13651E69BD85}.Ad-Hoc|iPhone.Build.0 = Release|Any CPU
		{A504DFBA-41C5-4C4F-B03A-13651E69BD85}.Ad-Hoc|iPhoneSimulator.ActiveCfg = Release|Any CPU
		{A504DFBA-41C5-4C4F-B03A-13651E69BD85}.Ad-Hoc|iPhoneSimulator.Build.0 = Release|Any CPU
		{A504DFBA-41C5-4C4F-B03A-13651E69BD85}.Ad-Hoc|x64.ActiveCfg = Release|Any CPU
		{A504DFBA-41C5-4C4F-B03A-13651E69BD85}.Ad-Hoc|x64.Build.0 = Release|Any CPU
		{A504DFBA-41C5-4C4F-B03A-13651E69BD85}.Ad-Hoc|x86.ActiveCfg = Release|Any CPU
		{A504DFBA-41C5-4C4F-B03A-13651E69BD85}.Ad-Hoc|x86.Build.0 = Release|Any CPU
		{A504DFBA-41C5-4C4F-B03A-13651E69BD85}.AppStore|Any CPU.ActiveCfg = Release|Any CPU
		{A504DFBA-41C5-4C4F-B03A-13651E69BD85}.AppStore|Any CPU.Build.0 = Release|Any CPU
		{A504DFBA-41C5-4C4F-B03A-13651E69BD85}.AppStore|ARM.ActiveCfg = Release|Any CPU
		{A504DFBA-41C5-4C4F-B03A-13651E69BD85}.AppStore|ARM.Build.0 = Release|Any CPU
		{A504DFBA-41C5-4C4F-B03A-13651E69BD85}.AppStore|ARM64.ActiveCfg = Release|Any CPU
		{A504DFBA-41C5-4C4F-B03A-13651E69BD85}.AppStore|ARM64.Build.0 = Release|Any CPU
		{A504DFBA-41C5-4C4F-B03A-13651E69BD85}.AppStore|iPhone.ActiveCfg = Release|Any CPU
		{A504DFBA-41C5-4C4F-B03A-13651E69BD85}.AppStore|iPhone.Build.0 = Release|Any CPU
		{A504DFBA-41C5-4C4F-B03A-13651E69BD85}.AppStore|iPhoneSimulator.ActiveCfg = Release|Any CPU
		{A504DFBA-41C5-4C4F-B03A-13651E69BD85}.AppStore|iPhoneSimulator.Build.0 = Release|Any CPU
		{A504DFBA-41C5-4C4F-B03A-13651E69BD85}.AppStore|x64.ActiveCfg = Release|Any CPU
		{A504DFBA-41C5-4C4F-B03A-13651E69BD85}.AppStore|x64.Build.0 = Release|Any CPU
		{A504DFBA-41C5-4C4F-B03A-13651E69BD85}.AppStore|x86.ActiveCfg = Release|Any CPU
		{A504DFBA-41C5-4C4F-B03A-13651E69BD85}.AppStore|x86.Build.0 = Release|Any CPU
		{A504DFBA-41C5-4C4F-B03A-13651E69BD85}.Debug|Any CPU.ActiveCfg = Debug|Any CPU
		{A504DFBA-41C5-4C4F-B03A-13651E69BD85}.Debug|Any CPU.Build.0 = Debug|Any CPU
		{A504DFBA-41C5-4C4F-B03A-13651E69BD85}.Debug|ARM.ActiveCfg = Debug|Any CPU
		{A504DFBA-41C5-4C4F-B03A-13651E69BD85}.Debug|ARM.Build.0 = Debug|Any CPU
		{A504DFBA-41C5-4C4F-B03A-13651E69BD85}.Debug|ARM64.ActiveCfg = Debug|Any CPU
		{A504DFBA-41C5-4C4F-B03A-13651E69BD85}.Debug|ARM64.Build.0 = Debug|Any CPU
		{A504DFBA-41C5-4C4F-B03A-13651E69BD85}.Debug|iPhone.ActiveCfg = Debug|Any CPU
		{A504DFBA-41C5-4C4F-B03A-13651E69BD85}.Debug|iPhone.Build.0 = Debug|Any CPU
		{A504DFBA-41C5-4C4F-B03A-13651E69BD85}.Debug|iPhoneSimulator.ActiveCfg = Debug|Any CPU
		{A504DFBA-41C5-4C4F-B03A-13651E69BD85}.Debug|iPhoneSimulator.Build.0 = Debug|Any CPU
		{A504DFBA-41C5-4C4F-B03A-13651E69BD85}.Debug|x64.ActiveCfg = Debug|Any CPU
		{A504DFBA-41C5-4C4F-B03A-13651E69BD85}.Debug|x64.Build.0 = Debug|Any CPU
		{A504DFBA-41C5-4C4F-B03A-13651E69BD85}.Debug|x86.ActiveCfg = Debug|Any CPU
		{A504DFBA-41C5-4C4F-B03A-13651E69BD85}.Debug|x86.Build.0 = Debug|Any CPU
		{A504DFBA-41C5-4C4F-B03A-13651E69BD85}.Release|Any CPU.ActiveCfg = Release|Any CPU
		{A504DFBA-41C5-4C4F-B03A-13651E69BD85}.Release|Any CPU.Build.0 = Release|Any CPU
		{A504DFBA-41C5-4C4F-B03A-13651E69BD85}.Release|ARM.ActiveCfg = Release|Any CPU
		{A504DFBA-41C5-4C4F-B03A-13651E69BD85}.Release|ARM.Build.0 = Release|Any CPU
		{A504DFBA-41C5-4C4F-B03A-13651E69BD85}.Release|ARM64.ActiveCfg = Release|Any CPU
		{A504DFBA-41C5-4C4F-B03A-13651E69BD85}.Release|ARM64.Build.0 = Release|Any CPU
		{A504DFBA-41C5-4C4F-B03A-13651E69BD85}.Release|iPhone.ActiveCfg = Release|Any CPU
		{A504DFBA-41C5-4C4F-B03A-13651E69BD85}.Release|iPhone.Build.0 = Release|Any CPU
		{A504DFBA-41C5-4C4F-B03A-13651E69BD85}.Release|iPhoneSimulator.ActiveCfg = Release|Any CPU
		{A504DFBA-41C5-4C4F-B03A-13651E69BD85}.Release|iPhoneSimulator.Build.0 = Release|Any CPU
		{A504DFBA-41C5-4C4F-B03A-13651E69BD85}.Release|x64.ActiveCfg = Release|Any CPU
		{A504DFBA-41C5-4C4F-B03A-13651E69BD85}.Release|x64.Build.0 = Release|Any CPU
		{A504DFBA-41C5-4C4F-B03A-13651E69BD85}.Release|x86.ActiveCfg = Release|Any CPU
		{A504DFBA-41C5-4C4F-B03A-13651E69BD85}.Release|x86.Build.0 = Release|Any CPU
		{86FA4504-8DA9-42D0-8D9B-94E06F4374B8}.Ad-Hoc|Any CPU.ActiveCfg = Release|Any CPU
		{86FA4504-8DA9-42D0-8D9B-94E06F4374B8}.Ad-Hoc|Any CPU.Build.0 = Release|Any CPU
		{86FA4504-8DA9-42D0-8D9B-94E06F4374B8}.Ad-Hoc|ARM.ActiveCfg = Release|Any CPU
		{86FA4504-8DA9-42D0-8D9B-94E06F4374B8}.Ad-Hoc|ARM.Build.0 = Release|Any CPU
		{86FA4504-8DA9-42D0-8D9B-94E06F4374B8}.Ad-Hoc|ARM64.ActiveCfg = Release|Any CPU
		{86FA4504-8DA9-42D0-8D9B-94E06F4374B8}.Ad-Hoc|ARM64.Build.0 = Release|Any CPU
		{86FA4504-8DA9-42D0-8D9B-94E06F4374B8}.Ad-Hoc|iPhone.ActiveCfg = Release|Any CPU
		{86FA4504-8DA9-42D0-8D9B-94E06F4374B8}.Ad-Hoc|iPhone.Build.0 = Release|Any CPU
		{86FA4504-8DA9-42D0-8D9B-94E06F4374B8}.Ad-Hoc|iPhoneSimulator.ActiveCfg = Release|Any CPU
		{86FA4504-8DA9-42D0-8D9B-94E06F4374B8}.Ad-Hoc|iPhoneSimulator.Build.0 = Release|Any CPU
		{86FA4504-8DA9-42D0-8D9B-94E06F4374B8}.Ad-Hoc|x64.ActiveCfg = Release|Any CPU
		{86FA4504-8DA9-42D0-8D9B-94E06F4374B8}.Ad-Hoc|x64.Build.0 = Release|Any CPU
		{86FA4504-8DA9-42D0-8D9B-94E06F4374B8}.Ad-Hoc|x86.ActiveCfg = Release|Any CPU
		{86FA4504-8DA9-42D0-8D9B-94E06F4374B8}.Ad-Hoc|x86.Build.0 = Release|Any CPU
		{86FA4504-8DA9-42D0-8D9B-94E06F4374B8}.AppStore|Any CPU.ActiveCfg = Release|Any CPU
		{86FA4504-8DA9-42D0-8D9B-94E06F4374B8}.AppStore|Any CPU.Build.0 = Release|Any CPU
		{86FA4504-8DA9-42D0-8D9B-94E06F4374B8}.AppStore|ARM.ActiveCfg = Release|Any CPU
		{86FA4504-8DA9-42D0-8D9B-94E06F4374B8}.AppStore|ARM.Build.0 = Release|Any CPU
		{86FA4504-8DA9-42D0-8D9B-94E06F4374B8}.AppStore|ARM64.ActiveCfg = Release|Any CPU
		{86FA4504-8DA9-42D0-8D9B-94E06F4374B8}.AppStore|ARM64.Build.0 = Release|Any CPU
		{86FA4504-8DA9-42D0-8D9B-94E06F4374B8}.AppStore|iPhone.ActiveCfg = Release|Any CPU
		{86FA4504-8DA9-42D0-8D9B-94E06F4374B8}.AppStore|iPhone.Build.0 = Release|Any CPU
		{86FA4504-8DA9-42D0-8D9B-94E06F4374B8}.AppStore|iPhoneSimulator.ActiveCfg = Release|Any CPU
		{86FA4504-8DA9-42D0-8D9B-94E06F4374B8}.AppStore|iPhoneSimulator.Build.0 = Release|Any CPU
		{86FA4504-8DA9-42D0-8D9B-94E06F4374B8}.AppStore|x64.ActiveCfg = Release|Any CPU
		{86FA4504-8DA9-42D0-8D9B-94E06F4374B8}.AppStore|x64.Build.0 = Release|Any CPU
		{86FA4504-8DA9-42D0-8D9B-94E06F4374B8}.AppStore|x86.ActiveCfg = Release|Any CPU
		{86FA4504-8DA9-42D0-8D9B-94E06F4374B8}.AppStore|x86.Build.0 = Release|Any CPU
		{86FA4504-8DA9-42D0-8D9B-94E06F4374B8}.Debug|Any CPU.ActiveCfg = Debug|Any CPU
		{86FA4504-8DA9-42D0-8D9B-94E06F4374B8}.Debug|Any CPU.Build.0 = Debug|Any CPU
		{86FA4504-8DA9-42D0-8D9B-94E06F4374B8}.Debug|ARM.ActiveCfg = Debug|Any CPU
		{86FA4504-8DA9-42D0-8D9B-94E06F4374B8}.Debug|ARM.Build.0 = Debug|Any CPU
		{86FA4504-8DA9-42D0-8D9B-94E06F4374B8}.Debug|ARM64.ActiveCfg = Debug|Any CPU
		{86FA4504-8DA9-42D0-8D9B-94E06F4374B8}.Debug|ARM64.Build.0 = Debug|Any CPU
		{86FA4504-8DA9-42D0-8D9B-94E06F4374B8}.Debug|iPhone.ActiveCfg = Debug|Any CPU
		{86FA4504-8DA9-42D0-8D9B-94E06F4374B8}.Debug|iPhone.Build.0 = Debug|Any CPU
		{86FA4504-8DA9-42D0-8D9B-94E06F4374B8}.Debug|iPhoneSimulator.ActiveCfg = Debug|Any CPU
		{86FA4504-8DA9-42D0-8D9B-94E06F4374B8}.Debug|iPhoneSimulator.Build.0 = Debug|Any CPU
		{86FA4504-8DA9-42D0-8D9B-94E06F4374B8}.Debug|x64.ActiveCfg = Debug|Any CPU
		{86FA4504-8DA9-42D0-8D9B-94E06F4374B8}.Debug|x64.Build.0 = Debug|Any CPU
		{86FA4504-8DA9-42D0-8D9B-94E06F4374B8}.Debug|x86.ActiveCfg = Debug|Any CPU
		{86FA4504-8DA9-42D0-8D9B-94E06F4374B8}.Debug|x86.Build.0 = Debug|Any CPU
		{86FA4504-8DA9-42D0-8D9B-94E06F4374B8}.Release|Any CPU.ActiveCfg = Release|Any CPU
		{86FA4504-8DA9-42D0-8D9B-94E06F4374B8}.Release|Any CPU.Build.0 = Release|Any CPU
		{86FA4504-8DA9-42D0-8D9B-94E06F4374B8}.Release|ARM.ActiveCfg = Release|Any CPU
		{86FA4504-8DA9-42D0-8D9B-94E06F4374B8}.Release|ARM.Build.0 = Release|Any CPU
		{86FA4504-8DA9-42D0-8D9B-94E06F4374B8}.Release|ARM64.ActiveCfg = Release|Any CPU
		{86FA4504-8DA9-42D0-8D9B-94E06F4374B8}.Release|ARM64.Build.0 = Release|Any CPU
		{86FA4504-8DA9-42D0-8D9B-94E06F4374B8}.Release|iPhone.ActiveCfg = Release|Any CPU
		{86FA4504-8DA9-42D0-8D9B-94E06F4374B8}.Release|iPhone.Build.0 = Release|Any CPU
		{86FA4504-8DA9-42D0-8D9B-94E06F4374B8}.Release|iPhoneSimulator.ActiveCfg = Release|Any CPU
		{86FA4504-8DA9-42D0-8D9B-94E06F4374B8}.Release|iPhoneSimulator.Build.0 = Release|Any CPU
		{86FA4504-8DA9-42D0-8D9B-94E06F4374B8}.Release|x64.ActiveCfg = Release|Any CPU
		{86FA4504-8DA9-42D0-8D9B-94E06F4374B8}.Release|x64.Build.0 = Release|Any CPU
		{86FA4504-8DA9-42D0-8D9B-94E06F4374B8}.Release|x86.ActiveCfg = Release|Any CPU
		{86FA4504-8DA9-42D0-8D9B-94E06F4374B8}.Release|x86.Build.0 = Release|Any CPU
		{E71F3053-056C-4381-9638-048ED73BDFF6}.Ad-Hoc|Any CPU.ActiveCfg = Release|Any CPU
		{E71F3053-056C-4381-9638-048ED73BDFF6}.Ad-Hoc|Any CPU.Build.0 = Release|Any CPU
		{E71F3053-056C-4381-9638-048ED73BDFF6}.Ad-Hoc|ARM.ActiveCfg = Release|Any CPU
		{E71F3053-056C-4381-9638-048ED73BDFF6}.Ad-Hoc|ARM.Build.0 = Release|Any CPU
		{E71F3053-056C-4381-9638-048ED73BDFF6}.Ad-Hoc|ARM64.ActiveCfg = Release|Any CPU
		{E71F3053-056C-4381-9638-048ED73BDFF6}.Ad-Hoc|ARM64.Build.0 = Release|Any CPU
		{E71F3053-056C-4381-9638-048ED73BDFF6}.Ad-Hoc|iPhone.ActiveCfg = Release|Any CPU
		{E71F3053-056C-4381-9638-048ED73BDFF6}.Ad-Hoc|iPhone.Build.0 = Release|Any CPU
		{E71F3053-056C-4381-9638-048ED73BDFF6}.Ad-Hoc|iPhoneSimulator.ActiveCfg = Release|Any CPU
		{E71F3053-056C-4381-9638-048ED73BDFF6}.Ad-Hoc|iPhoneSimulator.Build.0 = Release|Any CPU
		{E71F3053-056C-4381-9638-048ED73BDFF6}.Ad-Hoc|x64.ActiveCfg = Release|Any CPU
		{E71F3053-056C-4381-9638-048ED73BDFF6}.Ad-Hoc|x64.Build.0 = Release|Any CPU
		{E71F3053-056C-4381-9638-048ED73BDFF6}.Ad-Hoc|x86.ActiveCfg = Release|Any CPU
		{E71F3053-056C-4381-9638-048ED73BDFF6}.Ad-Hoc|x86.Build.0 = Release|Any CPU
		{E71F3053-056C-4381-9638-048ED73BDFF6}.AppStore|Any CPU.ActiveCfg = Release|Any CPU
		{E71F3053-056C-4381-9638-048ED73BDFF6}.AppStore|Any CPU.Build.0 = Release|Any CPU
		{E71F3053-056C-4381-9638-048ED73BDFF6}.AppStore|ARM.ActiveCfg = Release|Any CPU
		{E71F3053-056C-4381-9638-048ED73BDFF6}.AppStore|ARM.Build.0 = Release|Any CPU
		{E71F3053-056C-4381-9638-048ED73BDFF6}.AppStore|ARM64.ActiveCfg = Release|Any CPU
		{E71F3053-056C-4381-9638-048ED73BDFF6}.AppStore|ARM64.Build.0 = Release|Any CPU
		{E71F3053-056C-4381-9638-048ED73BDFF6}.AppStore|iPhone.ActiveCfg = Release|Any CPU
		{E71F3053-056C-4381-9638-048ED73BDFF6}.AppStore|iPhone.Build.0 = Release|Any CPU
		{E71F3053-056C-4381-9638-048ED73BDFF6}.AppStore|iPhoneSimulator.ActiveCfg = Release|Any CPU
		{E71F3053-056C-4381-9638-048ED73BDFF6}.AppStore|iPhoneSimulator.Build.0 = Release|Any CPU
		{E71F3053-056C-4381-9638-048ED73BDFF6}.AppStore|x64.ActiveCfg = Release|Any CPU
		{E71F3053-056C-4381-9638-048ED73BDFF6}.AppStore|x64.Build.0 = Release|Any CPU
		{E71F3053-056C-4381-9638-048ED73BDFF6}.AppStore|x86.ActiveCfg = Release|Any CPU
		{E71F3053-056C-4381-9638-048ED73BDFF6}.AppStore|x86.Build.0 = Release|Any CPU
		{E71F3053-056C-4381-9638-048ED73BDFF6}.Debug|Any CPU.ActiveCfg = Debug|Any CPU
		{E71F3053-056C-4381-9638-048ED73BDFF6}.Debug|Any CPU.Build.0 = Debug|Any CPU
		{E71F3053-056C-4381-9638-048ED73BDFF6}.Debug|ARM.ActiveCfg = Debug|Any CPU
		{E71F3053-056C-4381-9638-048ED73BDFF6}.Debug|ARM.Build.0 = Debug|Any CPU
		{E71F3053-056C-4381-9638-048ED73BDFF6}.Debug|ARM64.ActiveCfg = Debug|Any CPU
		{E71F3053-056C-4381-9638-048ED73BDFF6}.Debug|ARM64.Build.0 = Debug|Any CPU
		{E71F3053-056C-4381-9638-048ED73BDFF6}.Debug|iPhone.ActiveCfg = Debug|Any CPU
		{E71F3053-056C-4381-9638-048ED73BDFF6}.Debug|iPhone.Build.0 = Debug|Any CPU
		{E71F3053-056C-4381-9638-048ED73BDFF6}.Debug|iPhoneSimulator.ActiveCfg = Debug|Any CPU
		{E71F3053-056C-4381-9638-048ED73BDFF6}.Debug|iPhoneSimulator.Build.0 = Debug|Any CPU
		{E71F3053-056C-4381-9638-048ED73BDFF6}.Debug|x64.ActiveCfg = Debug|Any CPU
		{E71F3053-056C-4381-9638-048ED73BDFF6}.Debug|x64.Build.0 = Debug|Any CPU
		{E71F3053-056C-4381-9638-048ED73BDFF6}.Debug|x86.ActiveCfg = Debug|Any CPU
		{E71F3053-056C-4381-9638-048ED73BDFF6}.Debug|x86.Build.0 = Debug|Any CPU
		{E71F3053-056C-4381-9638-048ED73BDFF6}.Release|Any CPU.ActiveCfg = Release|Any CPU
		{E71F3053-056C-4381-9638-048ED73BDFF6}.Release|Any CPU.Build.0 = Release|Any CPU
		{E71F3053-056C-4381-9638-048ED73BDFF6}.Release|ARM.ActiveCfg = Release|Any CPU
		{E71F3053-056C-4381-9638-048ED73BDFF6}.Release|ARM.Build.0 = Release|Any CPU
		{E71F3053-056C-4381-9638-048ED73BDFF6}.Release|ARM64.ActiveCfg = Release|Any CPU
		{E71F3053-056C-4381-9638-048ED73BDFF6}.Release|ARM64.Build.0 = Release|Any CPU
		{E71F3053-056C-4381-9638-048ED73BDFF6}.Release|iPhone.ActiveCfg = Release|Any CPU
		{E71F3053-056C-4381-9638-048ED73BDFF6}.Release|iPhone.Build.0 = Release|Any CPU
		{E71F3053-056C-4381-9638-048ED73BDFF6}.Release|iPhoneSimulator.ActiveCfg = Release|Any CPU
		{E71F3053-056C-4381-9638-048ED73BDFF6}.Release|iPhoneSimulator.Build.0 = Release|Any CPU
		{E71F3053-056C-4381-9638-048ED73BDFF6}.Release|x64.ActiveCfg = Release|Any CPU
		{E71F3053-056C-4381-9638-048ED73BDFF6}.Release|x64.Build.0 = Release|Any CPU
		{E71F3053-056C-4381-9638-048ED73BDFF6}.Release|x86.ActiveCfg = Release|Any CPU
		{E71F3053-056C-4381-9638-048ED73BDFF6}.Release|x86.Build.0 = Release|Any CPU
		{12612F53-F772-41A7-89EA-2FB7A201BB86}.Ad-Hoc|Any CPU.ActiveCfg = Release|Any CPU
		{12612F53-F772-41A7-89EA-2FB7A201BB86}.Ad-Hoc|Any CPU.Build.0 = Release|Any CPU
		{12612F53-F772-41A7-89EA-2FB7A201BB86}.Ad-Hoc|ARM.ActiveCfg = Release|ARM
		{12612F53-F772-41A7-89EA-2FB7A201BB86}.Ad-Hoc|ARM.Build.0 = Release|ARM
		{12612F53-F772-41A7-89EA-2FB7A201BB86}.Ad-Hoc|ARM64.ActiveCfg = Release|ARM64
		{12612F53-F772-41A7-89EA-2FB7A201BB86}.Ad-Hoc|ARM64.Build.0 = Release|ARM64
		{12612F53-F772-41A7-89EA-2FB7A201BB86}.Ad-Hoc|iPhone.ActiveCfg = Release|Any CPU
		{12612F53-F772-41A7-89EA-2FB7A201BB86}.Ad-Hoc|iPhone.Build.0 = Release|Any CPU
		{12612F53-F772-41A7-89EA-2FB7A201BB86}.Ad-Hoc|iPhoneSimulator.ActiveCfg = Release|Any CPU
		{12612F53-F772-41A7-89EA-2FB7A201BB86}.Ad-Hoc|iPhoneSimulator.Build.0 = Release|Any CPU
		{12612F53-F772-41A7-89EA-2FB7A201BB86}.Ad-Hoc|x64.ActiveCfg = Release|x64
		{12612F53-F772-41A7-89EA-2FB7A201BB86}.Ad-Hoc|x64.Build.0 = Release|x64
		{12612F53-F772-41A7-89EA-2FB7A201BB86}.Ad-Hoc|x86.ActiveCfg = Release|x86
		{12612F53-F772-41A7-89EA-2FB7A201BB86}.Ad-Hoc|x86.Build.0 = Release|x86
		{12612F53-F772-41A7-89EA-2FB7A201BB86}.AppStore|Any CPU.ActiveCfg = Release|Any CPU
		{12612F53-F772-41A7-89EA-2FB7A201BB86}.AppStore|Any CPU.Build.0 = Release|Any CPU
		{12612F53-F772-41A7-89EA-2FB7A201BB86}.AppStore|ARM.ActiveCfg = Release|ARM
		{12612F53-F772-41A7-89EA-2FB7A201BB86}.AppStore|ARM.Build.0 = Release|ARM
		{12612F53-F772-41A7-89EA-2FB7A201BB86}.AppStore|ARM64.ActiveCfg = Release|ARM64
		{12612F53-F772-41A7-89EA-2FB7A201BB86}.AppStore|ARM64.Build.0 = Release|ARM64
		{12612F53-F772-41A7-89EA-2FB7A201BB86}.AppStore|iPhone.ActiveCfg = Release|Any CPU
		{12612F53-F772-41A7-89EA-2FB7A201BB86}.AppStore|iPhone.Build.0 = Release|Any CPU
		{12612F53-F772-41A7-89EA-2FB7A201BB86}.AppStore|iPhoneSimulator.ActiveCfg = Release|Any CPU
		{12612F53-F772-41A7-89EA-2FB7A201BB86}.AppStore|iPhoneSimulator.Build.0 = Release|Any CPU
		{12612F53-F772-41A7-89EA-2FB7A201BB86}.AppStore|x64.ActiveCfg = Release|x64
		{12612F53-F772-41A7-89EA-2FB7A201BB86}.AppStore|x64.Build.0 = Release|x64
		{12612F53-F772-41A7-89EA-2FB7A201BB86}.AppStore|x86.ActiveCfg = Release|x86
		{12612F53-F772-41A7-89EA-2FB7A201BB86}.AppStore|x86.Build.0 = Release|x86
		{12612F53-F772-41A7-89EA-2FB7A201BB86}.Debug|Any CPU.ActiveCfg = Debug|Any CPU
		{12612F53-F772-41A7-89EA-2FB7A201BB86}.Debug|Any CPU.Build.0 = Debug|Any CPU
		{12612F53-F772-41A7-89EA-2FB7A201BB86}.Debug|ARM.ActiveCfg = Debug|ARM
		{12612F53-F772-41A7-89EA-2FB7A201BB86}.Debug|ARM.Build.0 = Debug|ARM
		{12612F53-F772-41A7-89EA-2FB7A201BB86}.Debug|ARM64.ActiveCfg = Debug|ARM64
		{12612F53-F772-41A7-89EA-2FB7A201BB86}.Debug|ARM64.Build.0 = Debug|ARM64
		{12612F53-F772-41A7-89EA-2FB7A201BB86}.Debug|iPhone.ActiveCfg = Debug|Any CPU
		{12612F53-F772-41A7-89EA-2FB7A201BB86}.Debug|iPhone.Build.0 = Debug|Any CPU
		{12612F53-F772-41A7-89EA-2FB7A201BB86}.Debug|iPhoneSimulator.ActiveCfg = Debug|Any CPU
		{12612F53-F772-41A7-89EA-2FB7A201BB86}.Debug|iPhoneSimulator.Build.0 = Debug|Any CPU
		{12612F53-F772-41A7-89EA-2FB7A201BB86}.Debug|x64.ActiveCfg = Debug|x64
		{12612F53-F772-41A7-89EA-2FB7A201BB86}.Debug|x64.Build.0 = Debug|x64
		{12612F53-F772-41A7-89EA-2FB7A201BB86}.Debug|x86.ActiveCfg = Debug|x86
		{12612F53-F772-41A7-89EA-2FB7A201BB86}.Debug|x86.Build.0 = Debug|x86
		{12612F53-F772-41A7-89EA-2FB7A201BB86}.Release|Any CPU.ActiveCfg = Release|Any CPU
		{12612F53-F772-41A7-89EA-2FB7A201BB86}.Release|Any CPU.Build.0 = Release|Any CPU
		{12612F53-F772-41A7-89EA-2FB7A201BB86}.Release|ARM.ActiveCfg = Release|ARM
		{12612F53-F772-41A7-89EA-2FB7A201BB86}.Release|ARM.Build.0 = Release|ARM
		{12612F53-F772-41A7-89EA-2FB7A201BB86}.Release|ARM64.ActiveCfg = Release|ARM64
		{12612F53-F772-41A7-89EA-2FB7A201BB86}.Release|ARM64.Build.0 = Release|ARM64
		{12612F53-F772-41A7-89EA-2FB7A201BB86}.Release|iPhone.ActiveCfg = Release|Any CPU
		{12612F53-F772-41A7-89EA-2FB7A201BB86}.Release|iPhone.Build.0 = Release|Any CPU
		{12612F53-F772-41A7-89EA-2FB7A201BB86}.Release|iPhoneSimulator.ActiveCfg = Release|Any CPU
		{12612F53-F772-41A7-89EA-2FB7A201BB86}.Release|iPhoneSimulator.Build.0 = Release|Any CPU
		{12612F53-F772-41A7-89EA-2FB7A201BB86}.Release|x64.ActiveCfg = Release|x64
		{12612F53-F772-41A7-89EA-2FB7A201BB86}.Release|x64.Build.0 = Release|x64
		{12612F53-F772-41A7-89EA-2FB7A201BB86}.Release|x86.ActiveCfg = Release|x86
		{12612F53-F772-41A7-89EA-2FB7A201BB86}.Release|x86.Build.0 = Release|x86
		{ED632169-CD74-4D49-888A-9D73CC590658}.Ad-Hoc|Any CPU.ActiveCfg = Release|Any CPU
		{ED632169-CD74-4D49-888A-9D73CC590658}.Ad-Hoc|Any CPU.Build.0 = Release|Any CPU
		{ED632169-CD74-4D49-888A-9D73CC590658}.Ad-Hoc|Any CPU.Deploy.0 = Release|Any CPU
		{ED632169-CD74-4D49-888A-9D73CC590658}.Ad-Hoc|ARM.ActiveCfg = Release|Any CPU
		{ED632169-CD74-4D49-888A-9D73CC590658}.Ad-Hoc|ARM.Build.0 = Release|Any CPU
		{ED632169-CD74-4D49-888A-9D73CC590658}.Ad-Hoc|ARM.Deploy.0 = Release|Any CPU
		{ED632169-CD74-4D49-888A-9D73CC590658}.Ad-Hoc|ARM64.ActiveCfg = Release|Any CPU
		{ED632169-CD74-4D49-888A-9D73CC590658}.Ad-Hoc|ARM64.Build.0 = Release|Any CPU
		{ED632169-CD74-4D49-888A-9D73CC590658}.Ad-Hoc|ARM64.Deploy.0 = Release|Any CPU
		{ED632169-CD74-4D49-888A-9D73CC590658}.Ad-Hoc|iPhone.ActiveCfg = Release|Any CPU
		{ED632169-CD74-4D49-888A-9D73CC590658}.Ad-Hoc|iPhone.Build.0 = Release|Any CPU
		{ED632169-CD74-4D49-888A-9D73CC590658}.Ad-Hoc|iPhone.Deploy.0 = Release|Any CPU
		{ED632169-CD74-4D49-888A-9D73CC590658}.Ad-Hoc|iPhoneSimulator.ActiveCfg = Release|Any CPU
		{ED632169-CD74-4D49-888A-9D73CC590658}.Ad-Hoc|iPhoneSimulator.Build.0 = Release|Any CPU
		{ED632169-CD74-4D49-888A-9D73CC590658}.Ad-Hoc|iPhoneSimulator.Deploy.0 = Release|Any CPU
		{ED632169-CD74-4D49-888A-9D73CC590658}.Ad-Hoc|x64.ActiveCfg = Release|Any CPU
		{ED632169-CD74-4D49-888A-9D73CC590658}.Ad-Hoc|x64.Build.0 = Release|Any CPU
		{ED632169-CD74-4D49-888A-9D73CC590658}.Ad-Hoc|x64.Deploy.0 = Release|Any CPU
		{ED632169-CD74-4D49-888A-9D73CC590658}.Ad-Hoc|x86.ActiveCfg = Release|Any CPU
		{ED632169-CD74-4D49-888A-9D73CC590658}.Ad-Hoc|x86.Build.0 = Release|Any CPU
		{ED632169-CD74-4D49-888A-9D73CC590658}.Ad-Hoc|x86.Deploy.0 = Release|Any CPU
		{ED632169-CD74-4D49-888A-9D73CC590658}.AppStore|Any CPU.ActiveCfg = Release|Any CPU
		{ED632169-CD74-4D49-888A-9D73CC590658}.AppStore|Any CPU.Build.0 = Release|Any CPU
		{ED632169-CD74-4D49-888A-9D73CC590658}.AppStore|Any CPU.Deploy.0 = Release|Any CPU
		{ED632169-CD74-4D49-888A-9D73CC590658}.AppStore|ARM.ActiveCfg = Release|Any CPU
		{ED632169-CD74-4D49-888A-9D73CC590658}.AppStore|ARM.Build.0 = Release|Any CPU
		{ED632169-CD74-4D49-888A-9D73CC590658}.AppStore|ARM.Deploy.0 = Release|Any CPU
		{ED632169-CD74-4D49-888A-9D73CC590658}.AppStore|ARM64.ActiveCfg = Release|Any CPU
		{ED632169-CD74-4D49-888A-9D73CC590658}.AppStore|ARM64.Build.0 = Release|Any CPU
		{ED632169-CD74-4D49-888A-9D73CC590658}.AppStore|ARM64.Deploy.0 = Release|Any CPU
		{ED632169-CD74-4D49-888A-9D73CC590658}.AppStore|iPhone.ActiveCfg = Release|Any CPU
		{ED632169-CD74-4D49-888A-9D73CC590658}.AppStore|iPhone.Build.0 = Release|Any CPU
		{ED632169-CD74-4D49-888A-9D73CC590658}.AppStore|iPhone.Deploy.0 = Release|Any CPU
		{ED632169-CD74-4D49-888A-9D73CC590658}.AppStore|iPhoneSimulator.ActiveCfg = Release|Any CPU
		{ED632169-CD74-4D49-888A-9D73CC590658}.AppStore|iPhoneSimulator.Build.0 = Release|Any CPU
		{ED632169-CD74-4D49-888A-9D73CC590658}.AppStore|iPhoneSimulator.Deploy.0 = Release|Any CPU
		{ED632169-CD74-4D49-888A-9D73CC590658}.AppStore|x64.ActiveCfg = Release|Any CPU
		{ED632169-CD74-4D49-888A-9D73CC590658}.AppStore|x64.Build.0 = Release|Any CPU
		{ED632169-CD74-4D49-888A-9D73CC590658}.AppStore|x64.Deploy.0 = Release|Any CPU
		{ED632169-CD74-4D49-888A-9D73CC590658}.AppStore|x86.ActiveCfg = Release|Any CPU
		{ED632169-CD74-4D49-888A-9D73CC590658}.AppStore|x86.Build.0 = Release|Any CPU
		{ED632169-CD74-4D49-888A-9D73CC590658}.AppStore|x86.Deploy.0 = Release|Any CPU
		{ED632169-CD74-4D49-888A-9D73CC590658}.Debug|Any CPU.ActiveCfg = Debug|Any CPU
		{ED632169-CD74-4D49-888A-9D73CC590658}.Debug|Any CPU.Build.0 = Debug|Any CPU
		{ED632169-CD74-4D49-888A-9D73CC590658}.Debug|Any CPU.Deploy.0 = Debug|Any CPU
		{ED632169-CD74-4D49-888A-9D73CC590658}.Debug|ARM.ActiveCfg = Debug|Any CPU
		{ED632169-CD74-4D49-888A-9D73CC590658}.Debug|ARM.Build.0 = Debug|Any CPU
		{ED632169-CD74-4D49-888A-9D73CC590658}.Debug|ARM.Deploy.0 = Debug|Any CPU
		{ED632169-CD74-4D49-888A-9D73CC590658}.Debug|ARM64.ActiveCfg = Debug|Any CPU
		{ED632169-CD74-4D49-888A-9D73CC590658}.Debug|ARM64.Build.0 = Debug|Any CPU
		{ED632169-CD74-4D49-888A-9D73CC590658}.Debug|ARM64.Deploy.0 = Debug|Any CPU
		{ED632169-CD74-4D49-888A-9D73CC590658}.Debug|iPhone.ActiveCfg = Debug|Any CPU
		{ED632169-CD74-4D49-888A-9D73CC590658}.Debug|iPhone.Build.0 = Debug|Any CPU
		{ED632169-CD74-4D49-888A-9D73CC590658}.Debug|iPhone.Deploy.0 = Debug|Any CPU
		{ED632169-CD74-4D49-888A-9D73CC590658}.Debug|iPhoneSimulator.ActiveCfg = Debug|Any CPU
		{ED632169-CD74-4D49-888A-9D73CC590658}.Debug|iPhoneSimulator.Build.0 = Debug|Any CPU
		{ED632169-CD74-4D49-888A-9D73CC590658}.Debug|iPhoneSimulator.Deploy.0 = Debug|Any CPU
		{ED632169-CD74-4D49-888A-9D73CC590658}.Debug|x64.ActiveCfg = Debug|Any CPU
		{ED632169-CD74-4D49-888A-9D73CC590658}.Debug|x64.Build.0 = Debug|Any CPU
		{ED632169-CD74-4D49-888A-9D73CC590658}.Debug|x64.Deploy.0 = Debug|Any CPU
		{ED632169-CD74-4D49-888A-9D73CC590658}.Debug|x86.ActiveCfg = Debug|Any CPU
		{ED632169-CD74-4D49-888A-9D73CC590658}.Debug|x86.Build.0 = Debug|Any CPU
		{ED632169-CD74-4D49-888A-9D73CC590658}.Debug|x86.Deploy.0 = Debug|Any CPU
		{ED632169-CD74-4D49-888A-9D73CC590658}.Release|Any CPU.ActiveCfg = Release|Any CPU
		{ED632169-CD74-4D49-888A-9D73CC590658}.Release|Any CPU.Build.0 = Release|Any CPU
		{ED632169-CD74-4D49-888A-9D73CC590658}.Release|Any CPU.Deploy.0 = Release|Any CPU
		{ED632169-CD74-4D49-888A-9D73CC590658}.Release|ARM.ActiveCfg = Release|Any CPU
		{ED632169-CD74-4D49-888A-9D73CC590658}.Release|ARM.Build.0 = Release|Any CPU
		{ED632169-CD74-4D49-888A-9D73CC590658}.Release|ARM.Deploy.0 = Release|Any CPU
		{ED632169-CD74-4D49-888A-9D73CC590658}.Release|ARM64.ActiveCfg = Release|Any CPU
		{ED632169-CD74-4D49-888A-9D73CC590658}.Release|ARM64.Build.0 = Release|Any CPU
		{ED632169-CD74-4D49-888A-9D73CC590658}.Release|ARM64.Deploy.0 = Release|Any CPU
		{ED632169-CD74-4D49-888A-9D73CC590658}.Release|iPhone.ActiveCfg = Release|Any CPU
		{ED632169-CD74-4D49-888A-9D73CC590658}.Release|iPhone.Build.0 = Release|Any CPU
		{ED632169-CD74-4D49-888A-9D73CC590658}.Release|iPhone.Deploy.0 = Release|Any CPU
		{ED632169-CD74-4D49-888A-9D73CC590658}.Release|iPhoneSimulator.ActiveCfg = Release|Any CPU
		{ED632169-CD74-4D49-888A-9D73CC590658}.Release|iPhoneSimulator.Build.0 = Release|Any CPU
		{ED632169-CD74-4D49-888A-9D73CC590658}.Release|iPhoneSimulator.Deploy.0 = Release|Any CPU
		{ED632169-CD74-4D49-888A-9D73CC590658}.Release|x64.ActiveCfg = Release|Any CPU
		{ED632169-CD74-4D49-888A-9D73CC590658}.Release|x64.Build.0 = Release|Any CPU
		{ED632169-CD74-4D49-888A-9D73CC590658}.Release|x64.Deploy.0 = Release|Any CPU
		{ED632169-CD74-4D49-888A-9D73CC590658}.Release|x86.ActiveCfg = Release|Any CPU
		{ED632169-CD74-4D49-888A-9D73CC590658}.Release|x86.Build.0 = Release|Any CPU
		{ED632169-CD74-4D49-888A-9D73CC590658}.Release|x86.Deploy.0 = Release|Any CPU
		{F3507609-CA9A-4DEE-BF83-1173B6CB5645}.Ad-Hoc|Any CPU.ActiveCfg = Ad-Hoc|iPhone
		{F3507609-CA9A-4DEE-BF83-1173B6CB5645}.Ad-Hoc|ARM.ActiveCfg = Ad-Hoc|iPhone
		{F3507609-CA9A-4DEE-BF83-1173B6CB5645}.Ad-Hoc|ARM64.ActiveCfg = Ad-Hoc|iPhone
		{F3507609-CA9A-4DEE-BF83-1173B6CB5645}.Ad-Hoc|iPhone.ActiveCfg = Ad-Hoc|iPhone
		{F3507609-CA9A-4DEE-BF83-1173B6CB5645}.Ad-Hoc|iPhone.Build.0 = Ad-Hoc|iPhone
		{F3507609-CA9A-4DEE-BF83-1173B6CB5645}.Ad-Hoc|iPhoneSimulator.ActiveCfg = Ad-Hoc|iPhoneSimulator
		{F3507609-CA9A-4DEE-BF83-1173B6CB5645}.Ad-Hoc|iPhoneSimulator.Build.0 = Ad-Hoc|iPhoneSimulator
		{F3507609-CA9A-4DEE-BF83-1173B6CB5645}.Ad-Hoc|x64.ActiveCfg = Ad-Hoc|iPhone
		{F3507609-CA9A-4DEE-BF83-1173B6CB5645}.Ad-Hoc|x86.ActiveCfg = Ad-Hoc|iPhone
		{F3507609-CA9A-4DEE-BF83-1173B6CB5645}.AppStore|Any CPU.ActiveCfg = AppStore|iPhone
		{F3507609-CA9A-4DEE-BF83-1173B6CB5645}.AppStore|ARM.ActiveCfg = AppStore|iPhone
		{F3507609-CA9A-4DEE-BF83-1173B6CB5645}.AppStore|ARM64.ActiveCfg = AppStore|iPhone
		{F3507609-CA9A-4DEE-BF83-1173B6CB5645}.AppStore|iPhone.ActiveCfg = AppStore|iPhone
		{F3507609-CA9A-4DEE-BF83-1173B6CB5645}.AppStore|iPhone.Build.0 = AppStore|iPhone
		{F3507609-CA9A-4DEE-BF83-1173B6CB5645}.AppStore|iPhoneSimulator.ActiveCfg = AppStore|iPhoneSimulator
		{F3507609-CA9A-4DEE-BF83-1173B6CB5645}.AppStore|iPhoneSimulator.Build.0 = AppStore|iPhoneSimulator
		{F3507609-CA9A-4DEE-BF83-1173B6CB5645}.AppStore|x64.ActiveCfg = AppStore|iPhone
		{F3507609-CA9A-4DEE-BF83-1173B6CB5645}.AppStore|x86.ActiveCfg = AppStore|iPhone
		{F3507609-CA9A-4DEE-BF83-1173B6CB5645}.Debug|Any CPU.ActiveCfg = Debug|iPhone
		{F3507609-CA9A-4DEE-BF83-1173B6CB5645}.Debug|ARM.ActiveCfg = Debug|iPhone
		{F3507609-CA9A-4DEE-BF83-1173B6CB5645}.Debug|ARM64.ActiveCfg = Debug|iPhone
		{F3507609-CA9A-4DEE-BF83-1173B6CB5645}.Debug|iPhone.ActiveCfg = Debug|iPhone
		{F3507609-CA9A-4DEE-BF83-1173B6CB5645}.Debug|iPhone.Build.0 = Debug|iPhone
		{F3507609-CA9A-4DEE-BF83-1173B6CB5645}.Debug|iPhoneSimulator.ActiveCfg = Debug|iPhoneSimulator
		{F3507609-CA9A-4DEE-BF83-1173B6CB5645}.Debug|iPhoneSimulator.Build.0 = Debug|iPhoneSimulator
		{F3507609-CA9A-4DEE-BF83-1173B6CB5645}.Debug|x64.ActiveCfg = Debug|iPhone
		{F3507609-CA9A-4DEE-BF83-1173B6CB5645}.Debug|x86.ActiveCfg = Debug|iPhone
		{F3507609-CA9A-4DEE-BF83-1173B6CB5645}.Release|Any CPU.ActiveCfg = Release|iPhone
		{F3507609-CA9A-4DEE-BF83-1173B6CB5645}.Release|ARM.ActiveCfg = Release|iPhone
		{F3507609-CA9A-4DEE-BF83-1173B6CB5645}.Release|ARM64.ActiveCfg = Release|iPhone
		{F3507609-CA9A-4DEE-BF83-1173B6CB5645}.Release|iPhone.ActiveCfg = Release|iPhone
		{F3507609-CA9A-4DEE-BF83-1173B6CB5645}.Release|iPhone.Build.0 = Release|iPhone
		{F3507609-CA9A-4DEE-BF83-1173B6CB5645}.Release|iPhoneSimulator.ActiveCfg = Release|iPhoneSimulator
		{F3507609-CA9A-4DEE-BF83-1173B6CB5645}.Release|iPhoneSimulator.Build.0 = Release|iPhoneSimulator
		{F3507609-CA9A-4DEE-BF83-1173B6CB5645}.Release|x64.ActiveCfg = Release|iPhone
		{F3507609-CA9A-4DEE-BF83-1173B6CB5645}.Release|x86.ActiveCfg = Release|iPhone
		{D8F9AC2C-6DBE-4A32-B64C-89E41963CCEB}.Ad-Hoc|Any CPU.ActiveCfg = Release|x86
		{D8F9AC2C-6DBE-4A32-B64C-89E41963CCEB}.Ad-Hoc|Any CPU.Build.0 = Release|x86
		{D8F9AC2C-6DBE-4A32-B64C-89E41963CCEB}.Ad-Hoc|Any CPU.Deploy.0 = Release|x86
		{D8F9AC2C-6DBE-4A32-B64C-89E41963CCEB}.Ad-Hoc|ARM.ActiveCfg = Release|ARM
		{D8F9AC2C-6DBE-4A32-B64C-89E41963CCEB}.Ad-Hoc|ARM.Build.0 = Release|ARM
		{D8F9AC2C-6DBE-4A32-B64C-89E41963CCEB}.Ad-Hoc|ARM.Deploy.0 = Release|ARM
		{D8F9AC2C-6DBE-4A32-B64C-89E41963CCEB}.Ad-Hoc|ARM64.ActiveCfg = Release|x86
		{D8F9AC2C-6DBE-4A32-B64C-89E41963CCEB}.Ad-Hoc|ARM64.Build.0 = Release|x86
		{D8F9AC2C-6DBE-4A32-B64C-89E41963CCEB}.Ad-Hoc|ARM64.Deploy.0 = Release|x86
		{D8F9AC2C-6DBE-4A32-B64C-89E41963CCEB}.Ad-Hoc|iPhone.ActiveCfg = Release|x86
		{D8F9AC2C-6DBE-4A32-B64C-89E41963CCEB}.Ad-Hoc|iPhone.Build.0 = Release|x86
		{D8F9AC2C-6DBE-4A32-B64C-89E41963CCEB}.Ad-Hoc|iPhone.Deploy.0 = Release|x86
		{D8F9AC2C-6DBE-4A32-B64C-89E41963CCEB}.Ad-Hoc|iPhoneSimulator.ActiveCfg = Release|x86
		{D8F9AC2C-6DBE-4A32-B64C-89E41963CCEB}.Ad-Hoc|iPhoneSimulator.Build.0 = Release|x86
		{D8F9AC2C-6DBE-4A32-B64C-89E41963CCEB}.Ad-Hoc|iPhoneSimulator.Deploy.0 = Release|x86
		{D8F9AC2C-6DBE-4A32-B64C-89E41963CCEB}.Ad-Hoc|x64.ActiveCfg = Release|x64
		{D8F9AC2C-6DBE-4A32-B64C-89E41963CCEB}.Ad-Hoc|x64.Build.0 = Release|x64
		{D8F9AC2C-6DBE-4A32-B64C-89E41963CCEB}.Ad-Hoc|x64.Deploy.0 = Release|x64
		{D8F9AC2C-6DBE-4A32-B64C-89E41963CCEB}.Ad-Hoc|x86.ActiveCfg = Release|x86
		{D8F9AC2C-6DBE-4A32-B64C-89E41963CCEB}.Ad-Hoc|x86.Build.0 = Release|x86
		{D8F9AC2C-6DBE-4A32-B64C-89E41963CCEB}.Ad-Hoc|x86.Deploy.0 = Release|x86
		{D8F9AC2C-6DBE-4A32-B64C-89E41963CCEB}.AppStore|Any CPU.ActiveCfg = Release|x86
		{D8F9AC2C-6DBE-4A32-B64C-89E41963CCEB}.AppStore|Any CPU.Build.0 = Release|x86
		{D8F9AC2C-6DBE-4A32-B64C-89E41963CCEB}.AppStore|Any CPU.Deploy.0 = Release|x86
		{D8F9AC2C-6DBE-4A32-B64C-89E41963CCEB}.AppStore|ARM.ActiveCfg = Release|ARM
		{D8F9AC2C-6DBE-4A32-B64C-89E41963CCEB}.AppStore|ARM.Build.0 = Release|ARM
		{D8F9AC2C-6DBE-4A32-B64C-89E41963CCEB}.AppStore|ARM.Deploy.0 = Release|ARM
		{D8F9AC2C-6DBE-4A32-B64C-89E41963CCEB}.AppStore|ARM64.ActiveCfg = Release|x86
		{D8F9AC2C-6DBE-4A32-B64C-89E41963CCEB}.AppStore|ARM64.Build.0 = Release|x86
		{D8F9AC2C-6DBE-4A32-B64C-89E41963CCEB}.AppStore|ARM64.Deploy.0 = Release|x86
		{D8F9AC2C-6DBE-4A32-B64C-89E41963CCEB}.AppStore|iPhone.ActiveCfg = Release|x86
		{D8F9AC2C-6DBE-4A32-B64C-89E41963CCEB}.AppStore|iPhone.Build.0 = Release|x86
		{D8F9AC2C-6DBE-4A32-B64C-89E41963CCEB}.AppStore|iPhone.Deploy.0 = Release|x86
		{D8F9AC2C-6DBE-4A32-B64C-89E41963CCEB}.AppStore|iPhoneSimulator.ActiveCfg = Release|x86
		{D8F9AC2C-6DBE-4A32-B64C-89E41963CCEB}.AppStore|iPhoneSimulator.Build.0 = Release|x86
		{D8F9AC2C-6DBE-4A32-B64C-89E41963CCEB}.AppStore|iPhoneSimulator.Deploy.0 = Release|x86
		{D8F9AC2C-6DBE-4A32-B64C-89E41963CCEB}.AppStore|x64.ActiveCfg = Release|x64
		{D8F9AC2C-6DBE-4A32-B64C-89E41963CCEB}.AppStore|x64.Build.0 = Release|x64
		{D8F9AC2C-6DBE-4A32-B64C-89E41963CCEB}.AppStore|x64.Deploy.0 = Release|x64
		{D8F9AC2C-6DBE-4A32-B64C-89E41963CCEB}.AppStore|x86.ActiveCfg = Release|x86
		{D8F9AC2C-6DBE-4A32-B64C-89E41963CCEB}.AppStore|x86.Build.0 = Release|x86
		{D8F9AC2C-6DBE-4A32-B64C-89E41963CCEB}.AppStore|x86.Deploy.0 = Release|x86
		{D8F9AC2C-6DBE-4A32-B64C-89E41963CCEB}.Debug|Any CPU.ActiveCfg = Debug|x86
		{D8F9AC2C-6DBE-4A32-B64C-89E41963CCEB}.Debug|ARM.ActiveCfg = Debug|ARM
		{D8F9AC2C-6DBE-4A32-B64C-89E41963CCEB}.Debug|ARM.Build.0 = Debug|ARM
		{D8F9AC2C-6DBE-4A32-B64C-89E41963CCEB}.Debug|ARM.Deploy.0 = Debug|ARM
		{D8F9AC2C-6DBE-4A32-B64C-89E41963CCEB}.Debug|ARM64.ActiveCfg = Debug|x86
		{D8F9AC2C-6DBE-4A32-B64C-89E41963CCEB}.Debug|iPhone.ActiveCfg = Debug|x86
		{D8F9AC2C-6DBE-4A32-B64C-89E41963CCEB}.Debug|iPhoneSimulator.ActiveCfg = Debug|x86
		{D8F9AC2C-6DBE-4A32-B64C-89E41963CCEB}.Debug|x64.ActiveCfg = Debug|x64
		{D8F9AC2C-6DBE-4A32-B64C-89E41963CCEB}.Debug|x64.Build.0 = Debug|x64
		{D8F9AC2C-6DBE-4A32-B64C-89E41963CCEB}.Debug|x64.Deploy.0 = Debug|x64
		{D8F9AC2C-6DBE-4A32-B64C-89E41963CCEB}.Debug|x86.ActiveCfg = Debug|x86
		{D8F9AC2C-6DBE-4A32-B64C-89E41963CCEB}.Debug|x86.Build.0 = Debug|x86
		{D8F9AC2C-6DBE-4A32-B64C-89E41963CCEB}.Debug|x86.Deploy.0 = Debug|x86
		{D8F9AC2C-6DBE-4A32-B64C-89E41963CCEB}.Release|Any CPU.ActiveCfg = Release|x86
		{D8F9AC2C-6DBE-4A32-B64C-89E41963CCEB}.Release|ARM.ActiveCfg = Release|ARM
		{D8F9AC2C-6DBE-4A32-B64C-89E41963CCEB}.Release|ARM.Build.0 = Release|ARM
		{D8F9AC2C-6DBE-4A32-B64C-89E41963CCEB}.Release|ARM.Deploy.0 = Release|ARM
		{D8F9AC2C-6DBE-4A32-B64C-89E41963CCEB}.Release|ARM64.ActiveCfg = Release|x86
		{D8F9AC2C-6DBE-4A32-B64C-89E41963CCEB}.Release|iPhone.ActiveCfg = Release|x86
		{D8F9AC2C-6DBE-4A32-B64C-89E41963CCEB}.Release|iPhoneSimulator.ActiveCfg = Release|x86
		{D8F9AC2C-6DBE-4A32-B64C-89E41963CCEB}.Release|x64.ActiveCfg = Release|x64
		{D8F9AC2C-6DBE-4A32-B64C-89E41963CCEB}.Release|x64.Build.0 = Release|x64
		{D8F9AC2C-6DBE-4A32-B64C-89E41963CCEB}.Release|x64.Deploy.0 = Release|x64
		{D8F9AC2C-6DBE-4A32-B64C-89E41963CCEB}.Release|x86.ActiveCfg = Release|x86
		{D8F9AC2C-6DBE-4A32-B64C-89E41963CCEB}.Release|x86.Build.0 = Release|x86
		{D8F9AC2C-6DBE-4A32-B64C-89E41963CCEB}.Release|x86.Deploy.0 = Release|x86
		{3E798F91-22FA-4F97-A034-8A89F09D84A1}.Ad-Hoc|Any CPU.ActiveCfg = Debug|Any CPU
		{3E798F91-22FA-4F97-A034-8A89F09D84A1}.Ad-Hoc|Any CPU.Build.0 = Debug|Any CPU
		{3E798F91-22FA-4F97-A034-8A89F09D84A1}.Ad-Hoc|ARM.ActiveCfg = Debug|Any CPU
		{3E798F91-22FA-4F97-A034-8A89F09D84A1}.Ad-Hoc|ARM.Build.0 = Debug|Any CPU
		{3E798F91-22FA-4F97-A034-8A89F09D84A1}.Ad-Hoc|ARM64.ActiveCfg = Debug|Any CPU
		{3E798F91-22FA-4F97-A034-8A89F09D84A1}.Ad-Hoc|ARM64.Build.0 = Debug|Any CPU
		{3E798F91-22FA-4F97-A034-8A89F09D84A1}.Ad-Hoc|iPhone.ActiveCfg = Debug|Any CPU
		{3E798F91-22FA-4F97-A034-8A89F09D84A1}.Ad-Hoc|iPhone.Build.0 = Debug|Any CPU
		{3E798F91-22FA-4F97-A034-8A89F09D84A1}.Ad-Hoc|iPhoneSimulator.ActiveCfg = Debug|Any CPU
		{3E798F91-22FA-4F97-A034-8A89F09D84A1}.Ad-Hoc|iPhoneSimulator.Build.0 = Debug|Any CPU
		{3E798F91-22FA-4F97-A034-8A89F09D84A1}.Ad-Hoc|x64.ActiveCfg = Debug|Any CPU
		{3E798F91-22FA-4F97-A034-8A89F09D84A1}.Ad-Hoc|x64.Build.0 = Debug|Any CPU
		{3E798F91-22FA-4F97-A034-8A89F09D84A1}.Ad-Hoc|x86.ActiveCfg = Debug|Any CPU
		{3E798F91-22FA-4F97-A034-8A89F09D84A1}.Ad-Hoc|x86.Build.0 = Debug|Any CPU
		{3E798F91-22FA-4F97-A034-8A89F09D84A1}.AppStore|Any CPU.ActiveCfg = Debug|Any CPU
		{3E798F91-22FA-4F97-A034-8A89F09D84A1}.AppStore|Any CPU.Build.0 = Debug|Any CPU
		{3E798F91-22FA-4F97-A034-8A89F09D84A1}.AppStore|ARM.ActiveCfg = Debug|Any CPU
		{3E798F91-22FA-4F97-A034-8A89F09D84A1}.AppStore|ARM.Build.0 = Debug|Any CPU
		{3E798F91-22FA-4F97-A034-8A89F09D84A1}.AppStore|ARM64.ActiveCfg = Debug|Any CPU
		{3E798F91-22FA-4F97-A034-8A89F09D84A1}.AppStore|ARM64.Build.0 = Debug|Any CPU
		{3E798F91-22FA-4F97-A034-8A89F09D84A1}.AppStore|iPhone.ActiveCfg = Debug|Any CPU
		{3E798F91-22FA-4F97-A034-8A89F09D84A1}.AppStore|iPhone.Build.0 = Debug|Any CPU
		{3E798F91-22FA-4F97-A034-8A89F09D84A1}.AppStore|iPhoneSimulator.ActiveCfg = Debug|Any CPU
		{3E798F91-22FA-4F97-A034-8A89F09D84A1}.AppStore|iPhoneSimulator.Build.0 = Debug|Any CPU
		{3E798F91-22FA-4F97-A034-8A89F09D84A1}.AppStore|x64.ActiveCfg = Debug|Any CPU
		{3E798F91-22FA-4F97-A034-8A89F09D84A1}.AppStore|x64.Build.0 = Debug|Any CPU
		{3E798F91-22FA-4F97-A034-8A89F09D84A1}.AppStore|x86.ActiveCfg = Debug|Any CPU
		{3E798F91-22FA-4F97-A034-8A89F09D84A1}.AppStore|x86.Build.0 = Debug|Any CPU
		{3E798F91-22FA-4F97-A034-8A89F09D84A1}.Debug|Any CPU.ActiveCfg = Debug|Any CPU
		{3E798F91-22FA-4F97-A034-8A89F09D84A1}.Debug|Any CPU.Build.0 = Debug|Any CPU
		{3E798F91-22FA-4F97-A034-8A89F09D84A1}.Debug|ARM.ActiveCfg = Debug|Any CPU
		{3E798F91-22FA-4F97-A034-8A89F09D84A1}.Debug|ARM.Build.0 = Debug|Any CPU
		{3E798F91-22FA-4F97-A034-8A89F09D84A1}.Debug|ARM64.ActiveCfg = Debug|Any CPU
		{3E798F91-22FA-4F97-A034-8A89F09D84A1}.Debug|ARM64.Build.0 = Debug|Any CPU
		{3E798F91-22FA-4F97-A034-8A89F09D84A1}.Debug|iPhone.ActiveCfg = Debug|Any CPU
		{3E798F91-22FA-4F97-A034-8A89F09D84A1}.Debug|iPhone.Build.0 = Debug|Any CPU
		{3E798F91-22FA-4F97-A034-8A89F09D84A1}.Debug|iPhoneSimulator.ActiveCfg = Debug|Any CPU
		{3E798F91-22FA-4F97-A034-8A89F09D84A1}.Debug|iPhoneSimulator.Build.0 = Debug|Any CPU
		{3E798F91-22FA-4F97-A034-8A89F09D84A1}.Debug|x64.ActiveCfg = Debug|Any CPU
		{3E798F91-22FA-4F97-A034-8A89F09D84A1}.Debug|x64.Build.0 = Debug|Any CPU
		{3E798F91-22FA-4F97-A034-8A89F09D84A1}.Debug|x86.ActiveCfg = Debug|Any CPU
		{3E798F91-22FA-4F97-A034-8A89F09D84A1}.Debug|x86.Build.0 = Debug|Any CPU
		{3E798F91-22FA-4F97-A034-8A89F09D84A1}.Release|Any CPU.ActiveCfg = Release|Any CPU
		{3E798F91-22FA-4F97-A034-8A89F09D84A1}.Release|Any CPU.Build.0 = Release|Any CPU
		{3E798F91-22FA-4F97-A034-8A89F09D84A1}.Release|ARM.ActiveCfg = Release|Any CPU
		{3E798F91-22FA-4F97-A034-8A89F09D84A1}.Release|ARM.Build.0 = Release|Any CPU
		{3E798F91-22FA-4F97-A034-8A89F09D84A1}.Release|ARM64.ActiveCfg = Release|Any CPU
		{3E798F91-22FA-4F97-A034-8A89F09D84A1}.Release|ARM64.Build.0 = Release|Any CPU
		{3E798F91-22FA-4F97-A034-8A89F09D84A1}.Release|iPhone.ActiveCfg = Release|Any CPU
		{3E798F91-22FA-4F97-A034-8A89F09D84A1}.Release|iPhone.Build.0 = Release|Any CPU
		{3E798F91-22FA-4F97-A034-8A89F09D84A1}.Release|iPhoneSimulator.ActiveCfg = Release|Any CPU
		{3E798F91-22FA-4F97-A034-8A89F09D84A1}.Release|iPhoneSimulator.Build.0 = Release|Any CPU
		{3E798F91-22FA-4F97-A034-8A89F09D84A1}.Release|x64.ActiveCfg = Release|Any CPU
		{3E798F91-22FA-4F97-A034-8A89F09D84A1}.Release|x64.Build.0 = Release|Any CPU
		{3E798F91-22FA-4F97-A034-8A89F09D84A1}.Release|x86.ActiveCfg = Release|Any CPU
		{3E798F91-22FA-4F97-A034-8A89F09D84A1}.Release|x86.Build.0 = Release|Any CPU
	EndGlobalSection
	GlobalSection(SolutionProperties) = preSolution
		HideSolutionNode = FALSE
	EndGlobalSection
	GlobalSection(NestedProjects) = preSolution
		{A504DFBA-41C5-4C4F-B03A-13651E69BD85} = {00AE7145-3C9F-4865-853B-B88DB37E3E6D}
		{86FA4504-8DA9-42D0-8D9B-94E06F4374B8} = {00AE7145-3C9F-4865-853B-B88DB37E3E6D}
		{E71F3053-056C-4381-9638-048ED73BDFF6} = {00AE7145-3C9F-4865-853B-B88DB37E3E6D}
		{12612F53-F772-41A7-89EA-2FB7A201BB86} = {00AE7145-3C9F-4865-853B-B88DB37E3E6D}
		{ED632169-CD74-4D49-888A-9D73CC590658} = {851B1E8E-188D-4DF7-A064-02C400ADA7C3}
		{F3507609-CA9A-4DEE-BF83-1173B6CB5645} = {851B1E8E-188D-4DF7-A064-02C400ADA7C3}
		{D8F9AC2C-6DBE-4A32-B64C-89E41963CCEB} = {851B1E8E-188D-4DF7-A064-02C400ADA7C3}
		{3E798F91-22FA-4F97-A034-8A89F09D84A1} = {851B1E8E-188D-4DF7-A064-02C400ADA7C3}
	EndGlobalSection
	GlobalSection(ExtensibilityGlobals) = postSolution
		SolutionGuid = {406B5AB6-FA4D-405F-9E46-039FBB462A81}
	EndGlobalSection
EndGlobal
